
Microsoft Visual Studio Solution File, Format Version 12.00
# Visual Studio Version 16
VisualStudioVersion = 16.0.31112.23
MinimumVisualStudioVersion = 10.0.40219.1
Project("{FAE04EC0-301F-11D3-BF4B-00C04F79EFBC}") = "FirsWebProject", "FirsWebProject\FirsWebProject.csproj", "{27DD3DC9-9C21-4D09-9867-BDE1F53A7927}"
EndProject
Global
	GlobalSection(SolutionConfigurationPlatforms) = preSolution
		Debug|Any CPU = Debug|Any CPU
		Release|Any CPU = Release|Any CPU
	EndGlobalSection
	GlobalSection(ProjectConfigurationPlatforms) = postSolution
		{27DD3DC9-9C21-4D09-9867-BDE1F53A7927}.Debug|Any CPU.ActiveCfg = Debug|Any CPU
		{27DD3DC9-9C21-4D09-9867-BDE1F53A7927}.Debug|Any CPU.Build.0 = Debug|Any CPU
		{27DD3DC9-9C21-4D09-9867-BDE1F53A7927}.Release|Any CPU.ActiveCfg = Release|Any CPU
		{27DD3DC9-9C21-4D09-9867-BDE1F53A7927}.Release|Any CPU.Build.0 = Release|Any CPU
	EndGlobalSection
	GlobalSection(SolutionProperties) = preSolution
		HideSolutionNode = FALSE
	EndGlobalSection
	GlobalSection(ExtensibilityGlobals) = postSolution
		SolutionGuid = {FEBFAC05-F725-4503-9013-910C63AF93DC}
	EndGlobalSection
EndGlobal
